
Microsoft Visual Studio Solution File, Format Version 12.00
# Visual Studio 15
VisualStudioVersion = 15.0.27130.2036
MinimumVisualStudioVersion = 10.0.40219.1
Project("{FAE04EC0-301F-11D3-BF4B-00C04F79EFBC}") = "Labirint", "Labirint\Labirint.csproj", "{4E52E78B-B559-4CC9-B970-2100AA3A0DF0}"
EndProject
Global
	GlobalSection(SolutionConfigurationPlatforms) = preSolution
		Debug|Any CPU = Debug|Any CPU
		Release|Any CPU = Release|Any CPU
	EndGlobalSection
	GlobalSection(ProjectConfigurationPlatforms) = postSolution
		{4E52E78B-B559-4CC9-B970-2100AA3A0DF0}.Debug|Any CPU.ActiveCfg = Debug|Any CPU
		{4E52E78B-B559-4CC9-B970-2100AA3A0DF0}.Debug|Any CPU.Build.0 = Debug|Any CPU
		{4E52E78B-B559-4CC9-B970-2100AA3A0DF0}.Release|Any CPU.ActiveCfg = Release|Any CPU
		{4E52E78B-B559-4CC9-B970-2100AA3A0DF0}.Release|Any CPU.Build.0 = Release|Any CPU
	EndGlobalSection
	GlobalSection(SolutionProperties) = preSolution
		HideSolutionNode = FALSE
	EndGlobalSection
	GlobalSection(ExtensibilityGlobals) = postSolution
		SolutionGuid = {627EE1C4-E8B0-46DE-BF52-550D823C7424}
	EndGlobalSection
EndGlobal
